
Microsoft Visual Studio Solution File, Format Version 12.00
# Visual Studio Version 16
VisualStudioVersion = 16.0.30621.155
MinimumVisualStudioVersion = 10.0.40219.1
Project("{FAE04EC0-301F-11D3-BF4B-00C04F79EFBC}") = "CW11", "CW11\CW11.csproj", "{133EA516-1EE9-4E87-91AF-3CFDB627E2F1}"
EndProject
Global
	GlobalSection(SolutionConfigurationPlatforms) = preSolution
		Debug|Any CPU = Debug|Any CPU
		Release|Any CPU = Release|Any CPU
	EndGlobalSection
	GlobalSection(ProjectConfigurationPlatforms) = postSolution
		{133EA516-1EE9-4E87-91AF-3CFDB627E2F1}.Debug|Any CPU.ActiveCfg = Debug|Any CPU
		{133EA516-1EE9-4E87-91AF-3CFDB627E2F1}.Debug|Any CPU.Build.0 = Debug|Any CPU
		{133EA516-1EE9-4E87-91AF-3CFDB627E2F1}.Release|Any CPU.ActiveCfg = Release|Any CPU
		{133EA516-1EE9-4E87-91AF-3CFDB627E2F1}.Release|Any CPU.Build.0 = Release|Any CPU
	EndGlobalSection
	GlobalSection(SolutionProperties) = preSolution
		HideSolutionNode = FALSE
	EndGlobalSection
	GlobalSection(ExtensibilityGlobals) = postSolution
		SolutionGuid = {C70115EC-9038-411C-B24D-575275B520B4}
	EndGlobalSection
EndGlobal
